
Microsoft Visual Studio Solution File, Format Version 12.00
# Visual Studio Version 17
VisualStudioVersion = 17.10.35004.147
MinimumVisualStudioVersion = 10.0.40219.1
Project("{FAE04EC0-301F-11D3-BF4B-00C04F79EFBC}") = "BookStoreManagement", "BookStoreManagement\BookStoreManagement.csproj", "{95AD5B06-1434-41ED-B0E9-614A0F07F2D5}"
EndProject
Global
	GlobalSection(SolutionConfigurationPlatforms) = preSolution
		Debug|Any CPU = Debug|Any CPU
		Release|Any CPU = Release|Any CPU
	EndGlobalSection
	GlobalSection(ProjectConfigurationPlatforms) = postSolution
		{95AD5B06-1434-41ED-B0E9-614A0F07F2D5}.Debug|Any CPU.ActiveCfg = Debug|Any CPU
		{95AD5B06-1434-41ED-B0E9-614A0F07F2D5}.Debug|Any CPU.Build.0 = Debug|Any CPU
		{95AD5B06-1434-41ED-B0E9-614A0F07F2D5}.Release|Any CPU.ActiveCfg = Release|Any CPU
		{95AD5B06-1434-41ED-B0E9-614A0F07F2D5}.Release|Any CPU.Build.0 = Release|Any CPU
	EndGlobalSection
	GlobalSection(SolutionProperties) = preSolution
		HideSolutionNode = FALSE
	EndGlobalSection
	GlobalSection(ExtensibilityGlobals) = postSolution
		SolutionGuid = {1F497615-9367-4403-9FF1-38581BABF538}
	EndGlobalSection
EndGlobal
